
Microsoft Visual Studio Solution File, Format Version 12.00
# Visual Studio Version 16
VisualStudioVersion = 16.0.33529.622
MinimumVisualStudioVersion = 10.0.40219.1
Project("{FAE04EC0-301F-11D3-BF4B-00C04F79EFBC}") = "lab2", "lab1\lab2.csproj", "{B30D4FC2-A321-4244-8A71-19DE661499F9}"
EndProject
Project("{FAE04EC0-301F-11D3-BF4B-00C04F79EFBC}") = "lab3.1", "lab3\lab3.1.csproj", "{2414555E-E7B0-4201-850B-531760D5BB15}"
EndProject
Project("{FAE04EC0-301F-11D3-BF4B-00C04F79EFBC}") = "lab3.2", "lab3.2\lab3.2.csproj", "{34BCC61B-F01E-46C3-AF17-804278541FE5}"
EndProject
Project("{FAE04EC0-301F-11D3-BF4B-00C04F79EFBC}") = "lab3.3", "lab3.3\lab3.3.csproj", "{E91C5185-4826-4BD7-A9C8-0CA65DFAAABD}"
EndProject
Project("{FAE04EC0-301F-11D3-BF4B-00C04F79EFBC}") = "lab4.1", "lab4.1\lab4.1.csproj", "{B25C6821-F5FE-468F-ACFF-DF325ADD5684}"
EndProject
Project("{FAE04EC0-301F-11D3-BF4B-00C04F79EFBC}") = "lab4.2", "lab4.2\lab4.2.csproj", "{7FB60988-BF52-46F9-B731-079E7B7F335A}"
EndProject
Project("{FAE04EC0-301F-11D3-BF4B-00C04F79EFBC}") = "lab4.3", "lab4.3\lab4.3.csproj", "{79FE8B54-34C5-4498-AB66-C64BF51039BA}"
EndProject
Project("{FAE04EC0-301F-11D3-BF4B-00C04F79EFBC}") = "test", "test\test.csproj", "{84509D13-6DC5-4EA4-90C0-D68E3E7DC9DE}"
EndProject
Project("{FAE04EC0-301F-11D3-BF4B-00C04F79EFBC}") = "lab5.1", "lab5.1\lab5.1.csproj", "{4EFEA808-F0DC-4B91-8AFE-431E2E5F3ACA}"
EndProject
Project("{FAE04EC0-301F-11D3-BF4B-00C04F79EFBC}") = "lab5.2", "lab5.2\lab5.2.csproj", "{A427FF4D-6261-49BC-9E1D-579E8C8F59DA}"
EndProject
Project("{FAE04EC0-301F-11D3-BF4B-00C04F79EFBC}") = "lab6", "lab6\lab6.csproj", "{BD222416-8063-4BB3-9E55-6C65D7B4096B}"
EndProject
Project("{FAE04EC0-301F-11D3-BF4B-00C04F79EFBC}") = "lab7", "lab7\lab7.csproj", "{0C0454E7-B67D-4516-968A-09DD4B3C2DBE}"
EndProject
Project("{FAE04EC0-301F-11D3-BF4B-00C04F79EFBC}") = "lab9.1", "lab9.1\lab9.1.csproj", "{73470CCE-975C-487D-951A-F9BAA9EEE024}"
EndProject
Project("{FAE04EC0-301F-11D3-BF4B-00C04F79EFBC}") = "lab9.2", "lab9.2\lab9.2.csproj", "{FFB08009-5AB1-41AC-ABEF-B7F6269F53CF}"
EndProject
Project("{FAE04EC0-301F-11D3-BF4B-00C04F79EFBC}") = "lab10", "lab10\lab10.csproj", "{C4B16A0A-E335-49D8-969A-C335D55D9916}"
EndProject
Global
	GlobalSection(SolutionConfigurationPlatforms) = preSolution
		Debug|Any CPU = Debug|Any CPU
		Release|Any CPU = Release|Any CPU
	EndGlobalSection
	GlobalSection(ProjectConfigurationPlatforms) = postSolution
		{B30D4FC2-A321-4244-8A71-19DE661499F9}.Debug|Any CPU.ActiveCfg = Debug|Any CPU
		{B30D4FC2-A321-4244-8A71-19DE661499F9}.Debug|Any CPU.Build.0 = Debug|Any CPU
		{B30D4FC2-A321-4244-8A71-19DE661499F9}.Release|Any CPU.ActiveCfg = Release|Any CPU
		{B30D4FC2-A321-4244-8A71-19DE661499F9}.Release|Any CPU.Build.0 = Release|Any CPU
		{2414555E-E7B0-4201-850B-531760D5BB15}.Debug|Any CPU.ActiveCfg = Debug|Any CPU
		{2414555E-E7B0-4201-850B-531760D5BB15}.Debug|Any CPU.Build.0 = Debug|Any CPU
		{2414555E-E7B0-4201-850B-531760D5BB15}.Release|Any CPU.ActiveCfg = Release|Any CPU
		{2414555E-E7B0-4201-850B-531760D5BB15}.Release|Any CPU.Build.0 = Release|Any CPU
		{34BCC61B-F01E-46C3-AF17-804278541FE5}.Debug|Any CPU.ActiveCfg = Debug|Any CPU
		{34BCC61B-F01E-46C3-AF17-804278541FE5}.Debug|Any CPU.Build.0 = Debug|Any CPU
		{34BCC61B-F01E-46C3-AF17-804278541FE5}.Release|Any CPU.ActiveCfg = Release|Any CPU
		{34BCC61B-F01E-46C3-AF17-804278541FE5}.Release|Any CPU.Build.0 = Release|Any CPU
		{E91C5185-4826-4BD7-A9C8-0CA65DFAAABD}.Debug|Any CPU.ActiveCfg = Debug|Any CPU
		{E91C5185-4826-4BD7-A9C8-0CA65DFAAABD}.Debug|Any CPU.Build.0 = Debug|Any CPU
		{E91C5185-4826-4BD7-A9C8-0CA65DFAAABD}.Release|Any CPU.ActiveCfg = Release|Any CPU
		{E91C5185-4826-4BD7-A9C8-0CA65DFAAABD}.Release|Any CPU.Build.0 = Release|Any CPU
		{B25C6821-F5FE-468F-ACFF-DF325ADD5684}.Debug|Any CPU.ActiveCfg = Debug|Any CPU
		{B25C6821-F5FE-468F-ACFF-DF325ADD5684}.Debug|Any CPU.Build.0 = Debug|Any CPU
		{B25C6821-F5FE-468F-ACFF-DF325ADD5684}.Release|Any CPU.ActiveCfg = Release|Any CPU
		{B25C6821-F5FE-468F-ACFF-DF325ADD5684}.Release|Any CPU.Build.0 = Release|Any CPU
		{7FB60988-BF52-46F9-B731-079E7B7F335A}.Debug|Any CPU.ActiveCfg = Debug|Any CPU
		{7FB60988-BF52-46F9-B731-079E7B7F335A}.Debug|Any CPU.Build.0 = Debug|Any CPU
		{7FB60988-BF52-46F9-B731-079E7B7F335A}.Release|Any CPU.ActiveCfg = Release|Any CPU
		{7FB60988-BF52-46F9-B731-079E7B7F335A}.Release|Any CPU.Build.0 = Release|Any CPU
		{79FE8B54-34C5-4498-AB66-C64BF51039BA}.Debug|Any CPU.ActiveCfg = Debug|Any CPU
		{79FE8B54-34C5-4498-AB66-C64BF51039BA}.Debug|Any CPU.Build.0 = Debug|Any CPU
		{79FE8B54-34C5-4498-AB66-C64BF51039BA}.Release|Any CPU.ActiveCfg = Release|Any CPU
		{79FE8B54-34C5-4498-AB66-C64BF51039BA}.Release|Any CPU.Build.0 = Release|Any CPU
		{84509D13-6DC5-4EA4-90C0-D68E3E7DC9DE}.Debug|Any CPU.ActiveCfg = Debug|Any CPU
		{84509D13-6DC5-4EA4-90C0-D68E3E7DC9DE}.Debug|Any CPU.Build.0 = Debug|Any CPU
		{84509D13-6DC5-4EA4-90C0-D68E3E7DC9DE}.Release|Any CPU.ActiveCfg = Release|Any CPU
		{84509D13-6DC5-4EA4-90C0-D68E3E7DC9DE}.Release|Any CPU.Build.0 = Release|Any CPU
		{4EFEA808-F0DC-4B91-8AFE-431E2E5F3ACA}.Debug|Any CPU.ActiveCfg = Debug|Any CPU
		{4EFEA808-F0DC-4B91-8AFE-431E2E5F3ACA}.Debug|Any CPU.Build.0 = Debug|Any CPU
		{4EFEA808-F0DC-4B91-8AFE-431E2E5F3ACA}.Release|Any CPU.ActiveCfg = Release|Any CPU
		{4EFEA808-F0DC-4B91-8AFE-431E2E5F3ACA}.Release|Any CPU.Build.0 = Release|Any CPU
		{A427FF4D-6261-49BC-9E1D-579E8C8F59DA}.Debug|Any CPU.ActiveCfg = Debug|Any CPU
		{A427FF4D-6261-49BC-9E1D-579E8C8F59DA}.Debug|Any CPU.Build.0 = Debug|Any CPU
		{A427FF4D-6261-49BC-9E1D-579E8C8F59DA}.Release|Any CPU.ActiveCfg = Release|Any CPU
		{A427FF4D-6261-49BC-9E1D-579E8C8F59DA}.Release|Any CPU.Build.0 = Release|Any CPU
		{BD222416-8063-4BB3-9E55-6C65D7B4096B}.Debug|Any CPU.ActiveCfg = Debug|Any CPU
		{BD222416-8063-4BB3-9E55-6C65D7B4096B}.Debug|Any CPU.Build.0 = Debug|Any CPU
		{BD222416-8063-4BB3-9E55-6C65D7B4096B}.Release|Any CPU.ActiveCfg = Release|Any CPU
		{BD222416-8063-4BB3-9E55-6C65D7B4096B}.Release|Any CPU.Build.0 = Release|Any CPU
		{0C0454E7-B67D-4516-968A-09DD4B3C2DBE}.Debug|Any CPU.ActiveCfg = Debug|Any CPU
		{0C0454E7-B67D-4516-968A-09DD4B3C2DBE}.Debug|Any CPU.Build.0 = Debug|Any CPU
		{0C0454E7-B67D-4516-968A-09DD4B3C2DBE}.Release|Any CPU.ActiveCfg = Release|Any CPU
		{0C0454E7-B67D-4516-968A-09DD4B3C2DBE}.Release|Any CPU.Build.0 = Release|Any CPU
		{73470CCE-975C-487D-951A-F9BAA9EEE024}.Debug|Any CPU.ActiveCfg = Debug|Any CPU
		{73470CCE-975C-487D-951A-F9BAA9EEE024}.Debug|Any CPU.Build.0 = Debug|Any CPU
		{73470CCE-975C-487D-951A-F9BAA9EEE024}.Release|Any CPU.ActiveCfg = Release|Any CPU
		{73470CCE-975C-487D-951A-F9BAA9EEE024}.Release|Any CPU.Build.0 = Release|Any CPU
		{FFB08009-5AB1-41AC-ABEF-B7F6269F53CF}.Debug|Any CPU.ActiveCfg = Debug|Any CPU
		{FFB08009-5AB1-41AC-ABEF-B7F6269F53CF}.Debug|Any CPU.Build.0 = Debug|Any CPU
		{FFB08009-5AB1-41AC-ABEF-B7F6269F53CF}.Release|Any CPU.ActiveCfg = Release|Any CPU
		{FFB08009-5AB1-41AC-ABEF-B7F6269F53CF}.Release|Any CPU.Build.0 = Release|Any CPU
		{C4B16A0A-E335-49D8-969A-C335D55D9916}.Debug|Any CPU.ActiveCfg = Debug|Any CPU
		{C4B16A0A-E335-49D8-969A-C335D55D9916}.Debug|Any CPU.Build.0 = Debug|Any CPU
		{C4B16A0A-E335-49D8-969A-C335D55D9916}.Release|Any CPU.ActiveCfg = Release|Any CPU
		{C4B16A0A-E335-49D8-969A-C335D55D9916}.Release|Any CPU.Build.0 = Release|Any CPU
	EndGlobalSection
	GlobalSection(SolutionProperties) = preSolution
		HideSolutionNode = FALSE
	EndGlobalSection
	GlobalSection(ExtensibilityGlobals) = postSolution
		SolutionGuid = {72DAE081-3138-42B7-960E-908B18FA2EA3}
	EndGlobalSection
EndGlobal
